// !$*UTF8*$!
{
	archiveVersion = 1;
	classes = {
	};
	objectVersion = 56;
	objects = {

/* Begin PBXBuildFile section */
		C48644B82B19599200C7FAA6 /* AppDelegate.swift in Sources */ = {isa = PBXBuildFile; fileRef = C48644B72B19599200C7FAA6 /* AppDelegate.swift */; };
		C48644BA2B19599200C7FAA6 /* SceneDelegate.swift in Sources */ = {isa = PBXBuildFile; fileRef = C48644B92B19599200C7FAA6 /* SceneDelegate.swift */; };
		C48644BC2B19599200C7FAA6 /* ViewController.swift in Sources */ = {isa = PBXBuildFile; fileRef = C48644BB2B19599200C7FAA6 /* ViewController.swift */; };
		C48644BF2B19599200C7FAA6 /* Main.storyboard in Resources */ = {isa = PBXBuildFile; fileRef = C48644BD2B19599200C7FAA6 /* Main.storyboard */; };
		C48644C12B19599400C7FAA6 /* Assets.xcassets in Resources */ = {isa = PBXBuildFile; fileRef = C48644C02B19599400C7FAA6 /* Assets.xcassets */; };
		C48644C42B19599400C7FAA6 /* LaunchScreen.storyboard in Resources */ = {isa = PBXBuildFile; fileRef = C48644C22B19599400C7FAA6 /* LaunchScreen.storyboard */; };
		C48644CC2B1959D700C7FAA6 /* RoundButton.swift in Sources */ = {isa = PBXBuildFile; fileRef = C48644CB2B1959D700C7FAA6 /* RoundButton.swift */; };
		C48644CE2B1959F400C7FAA6 /* DecimalViewController.swift in Sources */ = {isa = PBXBuildFile; fileRef = C48644CD2B1959F400C7FAA6 /* DecimalViewController.swift */; };
		C48644D02B195A3D00C7FAA6 /* UIHelper.swift in Sources */ = {isa = PBXBuildFile; fileRef = C48644CF2B195A3D00C7FAA6 /* UIHelper.swift */; };
		C48644D22B195A6800C7FAA6 /* Operation.swift in Sources */ = {isa = PBXBuildFile; fileRef = C48644D12B195A6800C7FAA6 /* Operation.swift */; };
		C48644D42B195A9300C7FAA6 /* StateController.swift in Sources */ = {isa = PBXBuildFile; fileRef = C48644D32B195A9300C7FAA6 /* StateController.swift */; };
		C48644D62B195AB500C7FAA6 /* CalculationData.swift in Sources */ = {isa = PBXBuildFile; fileRef = C48644D52B195AB400C7FAA6 /* CalculationData.swift */; };
		C48644DB2B195ADA00C7FAA6 /* UIWindow+isLandscape.swift in Sources */ = {isa = PBXBuildFile; fileRef = C48644D82B195ADA00C7FAA6 /* UIWindow+isLandscape.swift */; };
		C48644DC2B195ADA00C7FAA6 /* Formatter+BinaryString.swift in Sources */ = {isa = PBXBuildFile; fileRef = C48644D92B195ADA00C7FAA6 /* Formatter+BinaryString.swift */; };
		C48644DD2B195ADA00C7FAA6 /* Formatter+ScientificNotation.swift in Sources */ = {isa = PBXBuildFile; fileRef = C48644DA2B195ADA00C7FAA6 /* Formatter+ScientificNotation.swift */; };
/* End PBXBuildFile section */

/* Begin PBXFileReference section */
		C48644B42B19599200C7FAA6 /* DoubleCalc.app */ = {isa = PBXFileReference; explicitFileType = wrapper.application; includeInIndex = 0; path = DoubleCalc.app; sourceTree = BUILT_PRODUCTS_DIR; };
		C48644B72B19599200C7FAA6 /* AppDelegate.swift */ = {isa = PBXFileReference; lastKnownFileType = sourcecode.swift; path = AppDelegate.swift; sourceTree = "<group>"; };
		C48644B92B19599200C7FAA6 /* SceneDelegate.swift */ = {isa = PBXFileReference; lastKnownFileType = sourcecode.swift; path = SceneDelegate.swift; sourceTree = "<group>"; };
		C48644BB2B19599200C7FAA6 /* ViewController.swift */ = {isa = PBXFileReference; lastKnownFileType = sourcecode.swift; path = ViewController.swift; sourceTree = "<group>"; };
		C48644BE2B19599200C7FAA6 /* Base */ = {isa = PBXFileReference; lastKnownFileType = file.storyboard; name = Base; path = Base.lproj/Main.storyboard; sourceTree = "<group>"; };
		C48644C02B19599400C7FAA6 /* Assets.xcassets */ = {isa = PBXFileReference; lastKnownFileType = folder.assetcatalog; path = Assets.xcassets; sourceTree = "<group>"; };
		C48644C32B19599400C7FAA6 /* Base */ = {isa = PBXFileReference; lastKnownFileType = file.storyboard; name = Base; path = Base.lproj/LaunchScreen.storyboard; sourceTree = "<group>"; };
		C48644C52B19599400C7FAA6 /* Info.plist */ = {isa = PBXFileReference; lastKnownFileType = text.plist.xml; path = Info.plist; sourceTree = "<group>"; };
		C48644CB2B1959D700C7FAA6 /* RoundButton.swift */ = {isa = PBXFileReference; fileEncoding = 4; lastKnownFileType = sourcecode.swift; path = RoundButton.swift; sourceTree = "<group>"; };
		C48644CD2B1959F400C7FAA6 /* DecimalViewController.swift */ = {isa = PBXFileReference; fileEncoding = 4; lastKnownFileType = sourcecode.swift; path = DecimalViewController.swift; sourceTree = "<group>"; };
		C48644CF2B195A3D00C7FAA6 /* UIHelper.swift */ = {isa = PBXFileReference; fileEncoding = 4; lastKnownFileType = sourcecode.swift; path = UIHelper.swift; sourceTree = "<group>"; };
		C48644D12B195A6800C7FAA6 /* Operation.swift */ = {isa = PBXFileReference; fileEncoding = 4; lastKnownFileType = sourcecode.swift; path = Operation.swift; sourceTree = "<group>"; };
		C48644D32B195A9300C7FAA6 /* StateController.swift */ = {isa = PBXFileReference; fileEncoding = 4; lastKnownFileType = sourcecode.swift; path = StateController.swift; sourceTree = "<group>"; };
		C48644D52B195AB400C7FAA6 /* CalculationData.swift */ = {isa = PBXFileReference; fileEncoding = 4; lastKnownFileType = sourcecode.swift; path = CalculationData.swift; sourceTree = "<group>"; };
		C48644D82B195ADA00C7FAA6 /* UIWindow+isLandscape.swift */ = {isa = PBXFileReference; fileEncoding = 4; lastKnownFileType = sourcecode.swift; path = "UIWindow+isLandscape.swift"; sourceTree = "<group>"; };
		C48644D92B195ADA00C7FAA6 /* Formatter+BinaryString.swift */ = {isa = PBXFileReference; fileEncoding = 4; lastKnownFileType = sourcecode.swift; path = "Formatter+BinaryString.swift"; sourceTree = "<group>"; };
		C48644DA2B195ADA00C7FAA6 /* Formatter+ScientificNotation.swift */ = {isa = PBXFileReference; fileEncoding = 4; lastKnownFileType = sourcecode.swift; path = "Formatter+ScientificNotation.swift"; sourceTree = "<group>"; };
/* End PBXFileReference section */

/* Begin PBXFrameworksBuildPhase section */
		C48644B12B19599200C7FAA6 /* Frameworks */ = {
			isa = PBXFrameworksBuildPhase;
			buildActionMask = 2147483647;
			files = (
			);
			runOnlyForDeploymentPostprocessing = 0;
		};
/* End PBXFrameworksBuildPhase section */

/* Begin PBXGroup section */
		C48644AB2B19599200C7FAA6 = {
			isa = PBXGroup;
			children = (
				C48644B62B19599200C7FAA6 /* DoubleCalc */,
				C48644B52B19599200C7FAA6 /* Products */,
			);
			sourceTree = "<group>";
		};
		C48644B52B19599200C7FAA6 /* Products */ = {
			isa = PBXGroup;
			children = (
				C48644B42B19599200C7FAA6 /* DoubleCalc.app */,
			);
			name = Products;
			sourceTree = "<group>";
		};
		C48644B62B19599200C7FAA6 /* DoubleCalc */ = {
			isa = PBXGroup;
			children = (
				C48644B72B19599200C7FAA6 /* AppDelegate.swift */,
				C48644B92B19599200C7FAA6 /* SceneDelegate.swift */,
				C48644BB2B19599200C7FAA6 /* ViewController.swift */,
				C48644CB2B1959D700C7FAA6 /* RoundButton.swift */,
				C48644CD2B1959F400C7FAA6 /* DecimalViewController.swift */,
				C48644D32B195A9300C7FAA6 /* StateController.swift */,
				C48644D52B195AB400C7FAA6 /* CalculationData.swift */,
				C48644CF2B195A3D00C7FAA6 /* UIHelper.swift */,
				C48644D12B195A6800C7FAA6 /* Operation.swift */,
				C48644D72B195ADA00C7FAA6 /* Extensions */,
				C48644BD2B19599200C7FAA6 /* Main.storyboard */,
				C48644C02B19599400C7FAA6 /* Assets.xcassets */,
				C48644C22B19599400C7FAA6 /* LaunchScreen.storyboard */,
				C48644C52B19599400C7FAA6 /* Info.plist */,
			);
			path = DoubleCalc;
			sourceTree = "<group>";
		};
		C48644D72B195ADA00C7FAA6 /* Extensions */ = {
			isa = PBXGroup;
			children = (
				C48644D82B195ADA00C7FAA6 /* UIWindow+isLandscape.swift */,
				C48644D92B195ADA00C7FAA6 /* Formatter+BinaryString.swift */,
				C48644DA2B195ADA00C7FAA6 /* Formatter+ScientificNotation.swift */,
			);
			path = Extensions;
			sourceTree = "<group>";
		};
/* End PBXGroup section */

/* Begin PBXNativeTarget section */
		C48644B32B19599200C7FAA6 /* DoubleCalc */ = {
			isa = PBXNativeTarget;
			buildConfigurationList = C48644C82B19599400C7FAA6 /* Build configuration list for PBXNativeTarget "DoubleCalc" */;
			buildPhases = (
				C48644B02B19599200C7FAA6 /* Sources */,
				C48644B12B19599200C7FAA6 /* Frameworks */,
				C48644B22B19599200C7FAA6 /* Resources */,
			);
			buildRules = (
			);
			dependencies = (
			);
			name = DoubleCalc;
			productName = DoubleCalc;
			productReference = C48644B42B19599200C7FAA6 /* DoubleCalc.app */;
			productType = "com.apple.product-type.application";
		};
/* End PBXNativeTarget section */

/* Begin PBXProject section */
		C48644AC2B19599200C7FAA6 /* Project object */ = {
			isa = PBXProject;
			attributes = {
				BuildIndependentTargetsInParallel = 1;
				LastSwiftUpdateCheck = 1430;
				LastUpgradeCheck = 1430;
				TargetAttributes = {
					C48644B32B19599200C7FAA6 = {
						CreatedOnToolsVersion = 14.3;
					};
				};
			};
			buildConfigurationList = C48644AF2B19599200C7FAA6 /* Build configuration list for PBXProject "DoubleCalc" */;
			compatibilityVersion = "Xcode 14.0";
			developmentRegion = en;
			hasScannedForEncodings = 0;
			knownRegions = (
				en,
				Base,
			);
			mainGroup = C48644AB2B19599200C7FAA6;
			productRefGroup = C48644B52B19599200C7FAA6 /* Products */;
			projectDirPath = "";
			projectRoot = "";
			targets = (
				C48644B32B19599200C7FAA6 /* DoubleCalc */,
			);
		};
/* End PBXProject section */

/* Begin PBXResourcesBuildPhase section */
		C48644B22B19599200C7FAA6 /* Resources */ = {
			isa = PBXResourcesBuildPhase;
			buildActionMask = 2147483647;
			files = (
				C48644C42B19599400C7FAA6 /* LaunchScreen.storyboard in Resources */,
				C48644C12B19599400C7FAA6 /* Assets.xcassets in Resources */,
				C48644BF2B19599200C7FAA6 /* Main.storyboard in Resources */,
			);
			runOnlyForDeploymentPostprocessing = 0;
		};
/* End PBXResourcesBuildPhase section */

/* Begin PBXSourcesBuildPhase section */
		C48644B02B19599200C7FAA6 /* Sources */ = {
			isa = PBXSourcesBuildPhase;
			buildActionMask = 2147483647;
			files = (
				C48644CC2B1959D700C7FAA6 /* RoundButton.swift in Sources */,
				C48644D22B195A6800C7FAA6 /* Operation.swift in Sources */,
				C48644BC2B19599200C7FAA6 /* ViewController.swift in Sources */,
				C48644DC2B195ADA00C7FAA6 /* Formatter+BinaryString.swift in Sources */,
				C48644CE2B1959F400C7FAA6 /* DecimalViewController.swift in Sources */,
				C48644B82B19599200C7FAA6 /* AppDelegate.swift in Sources */,
				C48644DB2B195ADA00C7FAA6 /* UIWindow+isLandscape.swift in Sources */,
				C48644D42B195A9300C7FAA6 /* StateController.swift in Sources */,
				C48644BA2B19599200C7FAA6 /* SceneDelegate.swift in Sources */,
				C48644DD2B195ADA00C7FAA6 /* Formatter+ScientificNotation.swift in Sources */,
				C48644D62B195AB500C7FAA6 /* CalculationData.swift in Sources */,
				C48644D02B195A3D00C7FAA6 /* UIHelper.swift in Sources */,
			);
			runOnlyForDeploymentPostprocessing = 0;
		};
/* End PBXSourcesBuildPhase section */

/* Begin PBXVariantGroup section */
		C48644BD2B19599200C7FAA6 /* Main.storyboard */ = {
			isa = PBXVariantGroup;
			children = (
				C48644BE2B19599200C7FAA6 /* Base */,
			);
			name = Main.storyboard;
			sourceTree = "<group>";
		};
		C48644C22B19599400C7FAA6 /* LaunchScreen.storyboard */ = {
			isa = PBXVariantGroup;
			children = (
				C48644C32B19599400C7FAA6 /* Base */,
			);
			name = LaunchScreen.storyboard;
			sourceTree = "<group>";
		};
/* End PBXVariantGroup section */

/* Begin XCBuildConfiguration section */
		C48644C62B19599400C7FAA6 /* Debug */ = {
			isa = XCBuildConfiguration;
			buildSettings = {
				ALWAYS_SEARCH_USER_PATHS = NO;
				CLANG_ANALYZER_NONNULL = YES;
				CLANG_ANALYZER_NUMBER_OBJECT_CONVERSION = YES_AGGRESSIVE;
				CLANG_CXX_LANGUAGE_STANDARD = "gnu++20";
				CLANG_ENABLE_MODULES = YES;
				CLANG_ENABLE_OBJC_ARC = YES;
				CLANG_ENABLE_OBJC_WEAK = YES;
				CLANG_WARN_BLOCK_CAPTURE_AUTORELEASING = YES;
				CLANG_WARN_BOOL_CONVERSION = YES;
				CLANG_WARN_COMMA = YES;
				CLANG_WARN_CONSTANT_CONVERSION = YES;
				CLANG_WARN_DEPRECATED_OBJC_IMPLEMENTATIONS = YES;
				CLANG_WARN_DIRECT_OBJC_ISA_USAGE = YES_ERROR;
				CLANG_WARN_DOCUMENTATION_COMMENTS = YES;
				CLANG_WARN_EMPTY_BODY = YES;
				CLANG_WARN_ENUM_CONVERSION = YES;
				CLANG_WARN_INFINITE_RECURSION = YES;
				CLANG_WARN_INT_CONVERSION = YES;
				CLANG_WARN_NON_LITERAL_NULL_CONVERSION = YES;
				CLANG_WARN_OBJC_IMPLICIT_RETAIN_SELF = YES;
				CLANG_WARN_OBJC_LITERAL_CONVERSION = YES;
				CLANG_WARN_OBJC_ROOT_CLASS = YES_ERROR;
				CLANG_WARN_QUOTED_INCLUDE_IN_FRAMEWORK_HEADER = YES;
				CLANG_WARN_RANGE_LOOP_ANALYSIS = YES;
				CLANG_WARN_STRICT_PROTOTYPES = YES;
				CLANG_WARN_SUSPICIOUS_MOVE = YES;
				CLANG_WARN_UNGUARDED_AVAILABILITY = YES_AGGRESSIVE;
				CLANG_WARN_UNREACHABLE_CODE = YES;
				CLANG_WARN__DUPLICATE_METHOD_MATCH = YES;
				COPY_PHASE_STRIP = NO;
				DEBUG_INFORMATION_FORMAT = dwarf;
				ENABLE_STRICT_OBJC_MSGSEND = YES;
				ENABLE_TESTABILITY = YES;
				GCC_C_LANGUAGE_STANDARD = gnu11;
				GCC_DYNAMIC_NO_PIC = NO;
				GCC_NO_COMMON_BLOCKS = YES;
				GCC_OPTIMIZATION_LEVEL = 0;
				GCC_PREPROCESSOR_DEFINITIONS = (
					"DEBUG=1",
					"$(inherited)",
				);
				GCC_WARN_64_TO_32_BIT_CONVERSION = YES;
				GCC_WARN_ABOUT_RETURN_TYPE = YES_ERROR;
				GCC_WARN_UNDECLARED_SELECTOR = YES;
				GCC_WARN_UNINITIALIZED_AUTOS = YES_AGGRESSIVE;
				GCC_WARN_UNUSED_FUNCTION = YES;
				GCC_WARN_UNUSED_VARIABLE = YES;
				IPHONEOS_DEPLOYMENT_TARGET = 16.4;
				MTL_ENABLE_DEBUG_INFO = INCLUDE_SOURCE;
				MTL_FAST_MATH = YES;
				ONLY_ACTIVE_ARCH = YES;
				SDKROOT = iphoneos;
				SWIFT_ACTIVE_COMPILATION_CONDITIONS = DEBUG;
				SWIFT_OPTIMIZATION_LEVEL = "-Onone";
			};
			name = Debug;
		};
		C48644C72B19599400C7FAA6 /* Release */ = {
			isa = XCBuildConfiguration;
			buildSettings = {
				ALWAYS_SEARCH_USER_PATHS = NO;
				CLANG_ANALYZER_NONNULL = YES;
				CLANG_ANALYZER_NUMBER_OBJECT_CONVERSION = YES_AGGRESSIVE;
				CLANG_CXX_LANGUAGE_STANDARD = "gnu++20";
				CLANG_ENABLE_MODULES = YES;
				CLANG_ENABLE_OBJC_ARC = YES;
				CLANG_ENABLE_OBJC_WEAK = YES;
				CLANG_WARN_BLOCK_CAPTURE_AUTORELEASING = YES;
				CLANG_WARN_BOOL_CONVERSION = YES;
				CLANG_WARN_COMMA = YES;
				CLANG_WARN_CONSTANT_CONVERSION = YES;
				CLANG_WARN_DEPRECATED_OBJC_IMPLEMENTATIONS = YES;
				CLANG_WARN_DIRECT_OBJC_ISA_USAGE = YES_ERROR;
				CLANG_WARN_DOCUMENTATION_COMMENTS = YES;
				CLANG_WARN_EMPTY_BODY = YES;
				CLANG_WARN_ENUM_CONVERSION = YES;
				CLANG_WARN_INFINITE_RECURSION = YES;
				CLANG_WARN_INT_CONVERSION = YES;
				CLANG_WARN_NON_LITERAL_NULL_CONVERSION = YES;
				CLANG_WARN_OBJC_IMPLICIT_RETAIN_SELF = YES;
				CLANG_WARN_OBJC_LITERAL_CONVERSION = YES;
				CLANG_WARN_OBJC_ROOT_CLASS = YES_ERROR;
				CLANG_WARN_QUOTED_INCLUDE_IN_FRAMEWORK_HEADER = YES;
				CLANG_WARN_RANGE_LOOP_ANALYSIS = YES;
				CLANG_WARN_STRICT_PROTOTYPES = YES;
				CLANG_WARN_SUSPICIOUS_MOVE = YES;
				CLANG_WARN_UNGUARDED_AVAILABILITY = YES_AGGRESSIVE;
				CLANG_WARN_UNREACHABLE_CODE = YES;
				CLANG_WARN__DUPLICATE_METHOD_MATCH = YES;
				COPY_PHASE_STRIP = NO;
				DEBUG_INFORMATION_FORMAT = "dwarf-with-dsym";
				ENABLE_NS_ASSERTIONS = NO;
				ENABLE_STRICT_OBJC_MSGSEND = YES;
				GCC_C_LANGUAGE_STANDARD = gnu11;
				GCC_NO_COMMON_BLOCKS = YES;
				GCC_WARN_64_TO_32_BIT_CONVERSION = YES;
				GCC_WARN_ABOUT_RETURN_TYPE = YES_ERROR;
				GCC_WARN_UNDECLARED_SELECTOR = YES;
				GCC_WARN_UNINITIALIZED_AUTOS = YES_AGGRESSIVE;
				GCC_WARN_UNUSED_FUNCTION = YES;
				GCC_WARN_UNUSED_VARIABLE = YES;
				IPHONEOS_DEPLOYMENT_TARGET = 16.4;
				MTL_ENABLE_DEBUG_INFO = NO;
				MTL_FAST_MATH = YES;
				SDKROOT = iphoneos;
				SWIFT_COMPILATION_MODE = wholemodule;
				SWIFT_OPTIMIZATION_LEVEL = "-O";
				VALIDATE_PRODUCT = YES;
			};
			name = Release;
		};
		C48644C92B19599400C7FAA6 /* Debug */ = {
			isa = XCBuildConfiguration;
			buildSettings = {
				ASSETCATALOG_COMPILER_APPICON_NAME = AppIcon;
				ASSETCATALOG_COMPILER_GLOBAL_ACCENT_COLOR_NAME = AccentColor;
				CODE_SIGN_STYLE = Automatic;
				CURRENT_PROJECT_VERSION = 1;
				GENERATE_INFOPLIST_FILE = YES;
				INFOPLIST_FILE = DoubleCalc/Info.plist;
				INFOPLIST_KEY_UIApplicationSupportsIndirectInputEvents = YES;
				INFOPLIST_KEY_UILaunchStoryboardName = LaunchScreen;
				INFOPLIST_KEY_UIMainStoryboardFile = Main;
				INFOPLIST_KEY_UISupportedInterfaceOrientations_iPad = "UIInterfaceOrientationPortrait UIInterfaceOrientationPortraitUpsideDown UIInterfaceOrientationLandscapeLeft UIInterfaceOrientationLandscapeRight";
				INFOPLIST_KEY_UISupportedInterfaceOrientations_iPhone = "UIInterfaceOrientationPortrait UIInterfaceOrientationLandscapeLeft UIInterfaceOrientationLandscapeRight";
				LD_RUNPATH_SEARCH_PATHS = (
					"$(inherited)",
					"@executable_path/Frameworks",
				);
				MARKETING_VERSION = 1.0;
				PRODUCT_BUNDLE_IDENTIFIER = com.iosdemo.DoubleCalc;
				PRODUCT_NAME = "$(TARGET_NAME)";
				SWIFT_EMIT_LOC_STRINGS = YES;
				SWIFT_VERSION = 5.0;
				TARGETED_DEVICE_FAMILY = "1,2";
			};
			name = Debug;
		};
		C48644CA2B19599400C7FAA6 /* Release */ = {
			isa = XCBuildConfiguration;
			buildSettings = {
				ASSETCATALOG_COMPILER_APPICON_NAME = AppIcon;
				ASSETCATALOG_COMPILER_GLOBAL_ACCENT_COLOR_NAME = AccentColor;
				CODE_SIGN_STYLE = Automatic;
				CURRENT_PROJECT_VERSION = 1;
				GENERATE_INFOPLIST_FILE = YES;
				INFOPLIST_FILE = DoubleCalc/Info.plist;
				INFOPLIST_KEY_UIApplicationSupportsIndirectInputEvents = YES;
				INFOPLIST_KEY_UILaunchStoryboardName = LaunchScreen;
				INFOPLIST_KEY_UIMainStoryboardFile = Main;
				INFOPLIST_KEY_UISupportedInterfaceOrientations_iPad = "UIInterfaceOrientationPortrait UIInterfaceOrientationPortraitUpsideDown UIInterfaceOrientationLandscapeLeft UIInterfaceOrientationLandscapeRight";
				INFOPLIST_KEY_UISupportedInterfaceOrientations_iPhone = "UIInterfaceOrientationPortrait UIInterfaceOrientationLandscapeLeft UIInterfaceOrientationLandscapeRight";
				LD_RUNPATH_SEARCH_PATHS = (
					"$(inherited)",
					"@executable_path/Frameworks",
				);
				MARKETING_VERSION = 1.0;
				PRODUCT_BUNDLE_IDENTIFIER = com.iosdemo.DoubleCalc;
				PRODUCT_NAME = "$(TARGET_NAME)";
				SWIFT_EMIT_LOC_STRINGS = YES;
				SWIFT_VERSION = 5.0;
				TARGETED_DEVICE_FAMILY = "1,2";
			};
			name = Release;
		};
/* End XCBuildConfiguration section */

/* Begin XCConfigurationList section */
		C48644AF2B19599200C7FAA6 /* Build configuration list for PBXProject "DoubleCalc" */ = {
			isa = XCConfigurationList;
			buildConfigurations = (
				C48644C62B19599400C7FAA6 /* Debug */,
				C48644C72B19599400C7FAA6 /* Release */,
			);
			defaultConfigurationIsVisible = 0;
			defaultConfigurationName = Release;
		};
		C48644C82B19599400C7FAA6 /* Build configuration list for PBXNativeTarget "DoubleCalc" */ = {
			isa = XCConfigurationList;
			buildConfigurations = (
				C48644C92B19599400C7FAA6 /* Debug */,
				C48644CA2B19599400C7FAA6 /* Release */,
			);
			defaultConfigurationIsVisible = 0;
			defaultConfigurationName = Release;
		};
/* End XCConfigurationList section */
	};
	rootObject = C48644AC2B19599200C7FAA6 /* Project object */;
}
